
Microsoft Visual Studio Solution File, Format Version 12.00
# Visual Studio 15
VisualStudioVersion = 15.0.28307.168
MinimumVisualStudioVersion = 10.0.40219.1
Project("{FAE04EC0-301F-11D3-BF4B-00C04F79EFBC}") = "RazorPagesDevice", "RazorPagesDevice\RazorPagesDevice.csproj", "{A3CE817E-77EC-4F8D-810D-487F29FBE82E}"
EndProject
Global
	GlobalSection(SolutionConfigurationPlatforms) = preSolution
		Debug|Any CPU = Debug|Any CPU
		Release|Any CPU = Release|Any CPU
	EndGlobalSection
	GlobalSection(ProjectConfigurationPlatforms) = postSolution
		{A3CE817E-77EC-4F8D-810D-487F29FBE82E}.Debug|Any CPU.ActiveCfg = Debug|Any CPU
		{A3CE817E-77EC-4F8D-810D-487F29FBE82E}.Debug|Any CPU.Build.0 = Debug|Any CPU
		{A3CE817E-77EC-4F8D-810D-487F29FBE82E}.Release|Any CPU.ActiveCfg = Release|Any CPU
		{A3CE817E-77EC-4F8D-810D-487F29FBE82E}.Release|Any CPU.Build.0 = Release|Any CPU
	EndGlobalSection
	GlobalSection(SolutionProperties) = preSolution
		HideSolutionNode = FALSE
	EndGlobalSection
	GlobalSection(ExtensibilityGlobals) = postSolution
		SolutionGuid = {E2805D1A-7F8A-4E0E-81A7-DF994844C769}
	EndGlobalSection
EndGlobal
